{
  "name": "offline-ai-coding-assistant",
  "version": "0.1.0",
  "lockfileVersion": 3,
  "requires": true,
  "packages": {
    "": {
      "name": "offline-ai-coding-assistant",
      "version": "0.1.0",
      "workspaces": [
        "runtime",
        "extension",
        "tools",
        "agent",
        "context"
      ]
    },
    "agent": {
      "name": "@offline-assistant/agent",
      "version": "0.1.0",
      "dependencies": {
        "ws": "^8.18.3"
      },
      "devDependencies": {
        "@types/node": "^24.1.0",
        "@types/ws": "^8.18.1",
        "typescript": "^5.8.2"
      }
    },
    "context": {
      "name": "@offline-assistant/context",
      "version": "0.1.0",
      "dependencies": {
        "ws": "^8.18.3"
      },
      "devDependencies": {
        "@types/node": "^24.1.0",
        "@types/ws": "^8.18.1",
        "typescript": "^5.8.2"
      }
    },
    "extension": {
      "name": "@offline-assistant/extension",
      "version": "0.1.0",
      "dependencies": {
        "ws": "^8.18.3"
      },
      "devDependencies": {
        "@types/node": "^24.1.0",
        "@types/vscode": "^1.90.0",
        "@types/ws": "^8.18.1",
        "typescript": "^5.8.2"
      },
      "engines": {
        "vscode": "^1.90.0"
      }
    },
    "node_modules/@offline-assistant/agent": {
      "resolved": "agent",
      "link": true
    },
    "node_modules/@offline-assistant/context": {
      "resolved": "context",
      "link": true
    },
    "node_modules/@offline-assistant/extension": {
      "resolved": "extension",
      "link": true
    },
    "node_modules/@offline-assistant/runtime": {
      "resolved": "runtime",
      "link": true
    },
    "node_modules/@offline-assistant/tools": {
      "resolved": "tools",
      "link": true
    },
    "node_modules/@types/node": {
      "version": "24.12.0",
      "resolved": "https://registry.npmjs.org/@types/node/-/node-24.12.0.tgz",
      "integrity": "sha512-GYDxsZi3ChgmckRT9HPU0WEhKLP08ev/Yfcq2AstjrDASOYCSXeyjDsHg4v5t4jOj7cyDX3vmprafKlWIG9MXQ==",
      "dev": true,
      "license": "MIT",
      "dependencies": {
        "undici-types": "~7.16.0"
      }
    },
    "node_modules/@types/vscode": {
      "version": "1.110.0",
      "resolved": "https://registry.npmjs.org/@types/vscode/-/vscode-1.110.0.tgz",
      "integrity": "sha512-AGuxUEpU4F4mfuQjxPPaQVyuOMhs+VT/xRok1jiHVBubHK7lBRvCuOMZG0LKUwxncrPorJ5qq/uil3IdZBd5lA==",
      "dev": true,
      "license": "MIT"
    },
    "node_modules/@types/ws": {
      "version": "8.18.1",
      "resolved": "https://registry.npmjs.org/@types/ws/-/ws-8.18.1.tgz",
      "integrity": "sha512-ThVF6DCVhA8kUGy+aazFQ4kXQ7E1Ty7A3ypFOe0IcJV8O/M511G99AW24irKrW56Wt44yG9+ij8FaqoBGkuBXg==",
      "dev": true,
      "license": "MIT",
      "dependencies": {
        "@types/node": "*"
      }
    },
    "node_modules/typescript": {
      "version": "5.9.3",
      "resolved": "https://registry.npmjs.org/typescript/-/typescript-5.9.3.tgz",
      "integrity": "sha512-jl1vZzPDinLr9eUt3J/t7V6FgNEw9QjvBPdysz9KfQDD41fQrC2Y4vKQdiaUpFT4bXlb1RHhLpp8wtm6M5TgSw==",
      "dev": true,
      "license": "Apache-2.0",
      "bin": {
        "tsc": "bin/tsc",
        "tsserver": "bin/tsserver"
      },
      "engines": {
        "node": ">=14.17"
      }
    },
    "node_modules/undici-types": {
      "version": "7.16.0",
      "resolved": "https://registry.npmjs.org/undici-types/-/undici-types-7.16.0.tgz",
      "integrity": "sha512-Zz+aZWSj8LE6zoxD+xrjh4VfkIG8Ya6LvYkZqtUQGJPZjYl53ypCaUwWqo7eI0x66KBGeRo+mlBEkMSeSZ38Nw==",
      "dev": true,
      "license": "MIT"
    },
    "node_modules/ws": {
      "version": "8.19.0",
      "resolved": "https://registry.npmjs.org/ws/-/ws-8.19.0.tgz",
      "integrity": "sha512-blAT2mjOEIi0ZzruJfIhb3nps74PRWTCz1IjglWEEpQl5XS/UNama6u2/rjFkDDouqr4L67ry+1aGIALViWjDg==",
      "license": "MIT",
      "engines": {
        "node": ">=10.0.0"
      },
      "peerDependencies": {
        "bufferutil": "^4.0.1",
        "utf-8-validate": ">=5.0.2"
      },
      "peerDependenciesMeta": {
        "bufferutil": {
          "optional": true
        },
        "utf-8-validate": {
          "optional": true
        }
      }
    },
    "runtime": {
      "name": "@offline-assistant/runtime",
      "version": "0.1.0",
      "dependencies": {
        "ws": "^8.18.3"
      },
      "devDependencies": {
        "@types/node": "^24.1.0",
        "@types/ws": "^8.18.1",
        "typescript": "^5.8.2"
      }
    },
    "tools": {
      "name": "@offline-assistant/tools",
      "version": "0.1.0",
      "dependencies": {
        "ws": "^8.18.3"
      },
      "devDependencies": {
        "@types/node": "^24.1.0",
        "@types/ws": "^8.18.1",
        "typescript": "^5.8.2"
      }
    }
  }
}
